
Microsoft Visual Studio Solution File, Format Version 12.00
# Visual Studio Version 17
VisualStudioVersion = 17.1.32210.238
MinimumVisualStudioVersion = 10.0.40219.1
Project("{9A19103F-16F7-4668-BE54-9A1E7A4F7556}") = "GeometryDraw", "GeometryDraw\GeometryDraw.csproj", "{EBC6E2D9-557C-43A4-B0BB-8FA1B597CE72}"
EndProject
Project("{8BC9CEB8-8B4A-11D0-8D11-00A0C91BC942}") = "Labs", "Labs\Labs.vcxproj", "{96948F44-0889-47AE-B4F8-40752FB174E8}"
EndProject
Project("{8BC9CEB8-8B4A-11D0-8D11-00A0C91BC942}") = "LabsTests", "LabsTests\LabsTests.vcxproj", "{D1BAA717-424B-4497-AB08-A82F310E4A66}"
EndProject
Global
	GlobalSection(SolutionConfigurationPlatforms) = preSolution
		Debug|Any CPU = Debug|Any CPU
		Debug|x64 = Debug|x64
		Debug|x86 = Debug|x86
		Release|Any CPU = Release|Any CPU
		Release|x64 = Release|x64
		Release|x86 = Release|x86
	EndGlobalSection
	GlobalSection(ProjectConfigurationPlatforms) = postSolution
		{EBC6E2D9-557C-43A4-B0BB-8FA1B597CE72}.Debug|Any CPU.ActiveCfg = Debug|Any CPU
		{EBC6E2D9-557C-43A4-B0BB-8FA1B597CE72}.Debug|Any CPU.Build.0 = Debug|Any CPU
		{EBC6E2D9-557C-43A4-B0BB-8FA1B597CE72}.Debug|x64.ActiveCfg = Debug|Any CPU
		{EBC6E2D9-557C-43A4-B0BB-8FA1B597CE72}.Debug|x64.Build.0 = Debug|Any CPU
		{EBC6E2D9-557C-43A4-B0BB-8FA1B597CE72}.Debug|x86.ActiveCfg = Debug|Any CPU
		{EBC6E2D9-557C-43A4-B0BB-8FA1B597CE72}.Debug|x86.Build.0 = Debug|Any CPU
		{EBC6E2D9-557C-43A4-B0BB-8FA1B597CE72}.Release|Any CPU.ActiveCfg = Release|Any CPU
		{EBC6E2D9-557C-43A4-B0BB-8FA1B597CE72}.Release|Any CPU.Build.0 = Release|Any CPU
		{EBC6E2D9-557C-43A4-B0BB-8FA1B597CE72}.Release|x64.ActiveCfg = Release|Any CPU
		{EBC6E2D9-557C-43A4-B0BB-8FA1B597CE72}.Release|x64.Build.0 = Release|Any CPU
		{EBC6E2D9-557C-43A4-B0BB-8FA1B597CE72}.Release|x86.ActiveCfg = Release|Any CPU
		{EBC6E2D9-557C-43A4-B0BB-8FA1B597CE72}.Release|x86.Build.0 = Release|Any CPU
		{96948F44-0889-47AE-B4F8-40752FB174E8}.Debug|Any CPU.ActiveCfg = Debug|x64
		{96948F44-0889-47AE-B4F8-40752FB174E8}.Debug|Any CPU.Build.0 = Debug|x64
		{96948F44-0889-47AE-B4F8-40752FB174E8}.Debug|x64.ActiveCfg = Debug|x64
		{96948F44-0889-47AE-B4F8-40752FB174E8}.Debug|x64.Build.0 = Debug|x64
		{96948F44-0889-47AE-B4F8-40752FB174E8}.Debug|x86.ActiveCfg = Debug|Win32
		{96948F44-0889-47AE-B4F8-40752FB174E8}.Debug|x86.Build.0 = Debug|Win32
		{96948F44-0889-47AE-B4F8-40752FB174E8}.Release|Any CPU.ActiveCfg = Release|x64
		{96948F44-0889-47AE-B4F8-40752FB174E8}.Release|Any CPU.Build.0 = Release|x64
		{96948F44-0889-47AE-B4F8-40752FB174E8}.Release|x64.ActiveCfg = Release|x64
		{96948F44-0889-47AE-B4F8-40752FB174E8}.Release|x64.Build.0 = Release|x64
		{96948F44-0889-47AE-B4F8-40752FB174E8}.Release|x86.ActiveCfg = Release|Win32
		{96948F44-0889-47AE-B4F8-40752FB174E8}.Release|x86.Build.0 = Release|Win32
		{D1BAA717-424B-4497-AB08-A82F310E4A66}.Debug|Any CPU.ActiveCfg = Debug|x64
		{D1BAA717-424B-4497-AB08-A82F310E4A66}.Debug|Any CPU.Build.0 = Debug|x64
		{D1BAA717-424B-4497-AB08-A82F310E4A66}.Debug|x64.ActiveCfg = Debug|x64
		{D1BAA717-424B-4497-AB08-A82F310E4A66}.Debug|x64.Build.0 = Debug|x64
		{D1BAA717-424B-4497-AB08-A82F310E4A66}.Debug|x86.ActiveCfg = Debug|Win32
		{D1BAA717-424B-4497-AB08-A82F310E4A66}.Debug|x86.Build.0 = Debug|Win32
		{D1BAA717-424B-4497-AB08-A82F310E4A66}.Release|Any CPU.ActiveCfg = Release|x64
		{D1BAA717-424B-4497-AB08-A82F310E4A66}.Release|Any CPU.Build.0 = Release|x64
		{D1BAA717-424B-4497-AB08-A82F310E4A66}.Release|x64.ActiveCfg = Release|x64
		{D1BAA717-424B-4497-AB08-A82F310E4A66}.Release|x64.Build.0 = Release|x64
		{D1BAA717-424B-4497-AB08-A82F310E4A66}.Release|x86.ActiveCfg = Release|Win32
		{D1BAA717-424B-4497-AB08-A82F310E4A66}.Release|x86.Build.0 = Release|Win32
	EndGlobalSection
	GlobalSection(SolutionProperties) = preSolution
		HideSolutionNode = FALSE
	EndGlobalSection
	GlobalSection(ExtensibilityGlobals) = postSolution
		SolutionGuid = {72AFE8FE-932C-40BA-89EC-0D2681CBBEBA}
	EndGlobalSection
EndGlobal
